{
  "name": "hubspot-get-started-project",
  "version": "0.1.0",
  "lockfileVersion": 3,
  "requires": true,
  "packages": {
    "": {
      "name": "hubspot-get-started-project",
      "version": "0.1.0",
      "hasInstallScript": true,
      "license": "MIT",
      "dependencies": {
        "sexpr-plus": "^7.0.0"
      }
    },
    "node_modules/sexpr-plus": {
      "version": "7.0.0",
      "resolved": "https://registry.npmjs.org/sexpr-plus/-/sexpr-plus-7.0.0.tgz",
      "integrity": "sha512-RQqXZqGbYYaotUX2gOmAMa61qxkzc/ZO0pjWYLT22vwUt8YpVSBGqNsxmujRft/Oz3I1cxX0O8K/ekwT5hdrLg=="
    }
  }
}
